
Microsoft Visual Studio Solution File, Format Version 12.00
# Visual Studio Version 16
VisualStudioVersion = 16.0.31105.61
MinimumVisualStudioVersion = 10.0.40219.1
Project("{FAE04EC0-301F-11D3-BF4B-00C04F79EFBC}") = "PruebaTecnicaAfp", "PruebaTecnicaAfp\PruebaTecnicaAfp.csproj", "{637365A9-C52F-4DAC-8678-144B9703E4FC}"
EndProject
Global
	GlobalSection(SolutionConfigurationPlatforms) = preSolution
		Debug|Any CPU = Debug|Any CPU
		Release|Any CPU = Release|Any CPU
	EndGlobalSection
	GlobalSection(ProjectConfigurationPlatforms) = postSolution
		{637365A9-C52F-4DAC-8678-144B9703E4FC}.Debug|Any CPU.ActiveCfg = Debug|Any CPU
		{637365A9-C52F-4DAC-8678-144B9703E4FC}.Debug|Any CPU.Build.0 = Debug|Any CPU
		{637365A9-C52F-4DAC-8678-144B9703E4FC}.Release|Any CPU.ActiveCfg = Release|Any CPU
		{637365A9-C52F-4DAC-8678-144B9703E4FC}.Release|Any CPU.Build.0 = Release|Any CPU
	EndGlobalSection
	GlobalSection(SolutionProperties) = preSolution
		HideSolutionNode = FALSE
	EndGlobalSection
	GlobalSection(ExtensibilityGlobals) = postSolution
		SolutionGuid = {ADA6A42F-2A5C-4EDF-94D7-25A32290CBB2}
	EndGlobalSection
EndGlobal
